# THIS IS AN AUTOGENERATED FILE. DO NOT EDIT THIS FILE DIRECTLY.
# yarn lockfile v1


"@turf/bbox@=4.7.3":
  version "4.7.3"
  resolved "https://registry.yarnpkg.com/@turf/bbox/-/bbox-4.7.3.tgz#e3ad4f10a7e9b41b522880d33083198199059067"
  dependencies:
    "@turf/meta" "^4.7.3"

"@turf/inside@=4.7.3":
  version "4.7.3"
  resolved "https://registry.yarnpkg.com/@turf/inside/-/inside-4.7.3.tgz#e4a84969f2886891b343b11b83fda3095fba542c"
  dependencies:
    "@turf/invariant" "^4.7.3"

"@turf/invariant@^4.7.3":
  version "4.7.3"
  resolved "https://registry.yarnpkg.com/@turf/invariant/-/invariant-4.7.3.tgz#538f367d23c113fc849d70c9a524b8563874601d"

"@turf/meta@^4.7.3":
  version "4.7.4"
  resolved "https://registry.yarnpkg.com/@turf/meta/-/meta-4.7.4.tgz#6de2f1e9890b8f64b669e4b47c09b20893063977"

caught@=0.1.1:
  version "0.1.1"
  resolved "https://registry.yarnpkg.com/caught/-/caught-0.1.1.tgz#8abc85f205ba11fe70e4fc6faf3f46ddc18908ca"
