# THIS IS AN AUTOGENERATED FILE. DO NOT EDIT THIS FILE DIRECTLY.
# yarn lockfile v1


archy@1.0.0:
  version "1.0.0"
  resolved "https://registry.yarnpkg.com/archy/-/archy-1.0.0.tgz#f9c8c13757cc1dd7bc379ac77b2c62a5c2868c40"

async@~1.0.0:
  version "1.0.0"
  resolved "https://registry.yarnpkg.com/async/-/async-1.0.0.tgz#f8fc04ca3a13784ade9e1641af98578cfbd647a9"

backoff@~2.5.0:
  version "2.5.0"
  resolved "https://registry.yarnpkg.com/backoff/-/backoff-2.5.0.tgz#f616eda9d3e4b66b8ca7fca79f695722c5f8e26f"
  dependencies:
    precond "0.2"

bluebird@^3.5.0:
  version "3.5.0"
  resolved "https://registry.yarnpkg.com/bluebird/-/bluebird-3.5.0.tgz#791420d7f551eea2897453a8a77653f96606d67c"

boom@3.x.x:
  version "3.2.2"
  resolved "https://registry.yarnpkg.com/boom/-/boom-3.2.2.tgz#0f0cc5d04adc5003b8c7d71f42cca7271fef0e78"
  dependencies:
    hoek "4.x.x"

boom@4.x.x:
  version "4.3.1"
  resolved "https://registry.yarnpkg.com/boom/-/boom-4.3.1.tgz#4f8a3005cb4a7e3889f749030fd25b96e01d2e31"
  dependencies:
    hoek "4.x.x"

caught@^0.1.1:
  version "0.1.1"
  resolved "https://registry.yarnpkg.com/caught/-/caught-0.1.1.tgz#8abc85f205ba11fe70e4fc6faf3f46ddc18908ca"

colors@1.0.x:
  version "1.0.3"
  resolved "https://registry.yarnpkg.com/colors/-/colors-1.0.3.tgz#0433f44d809680fdeb60ed260f1b0c262e82a40b"

core-util-is@~1.0.0:
  version "1.0.2"
  resolved "https://registry.yarnpkg.com/core-util-is/-/core-util-is-1.0.2.tgz#b5fd54220aa2bc5ab57aab7140c940754503c1a7"

cycle@1.0.x:
  version "1.0.3"
  resolved "https://registry.yarnpkg.com/cycle/-/cycle-1.0.3.tgz#21e80b2be8580f98b468f379430662b046c34ad2"

eraro@0.4, eraro@0.4.1, eraro@~0.4.1:
  version "0.4.1"
  resolved "https://registry.yarnpkg.com/eraro/-/eraro-0.4.1.tgz#6538730769a1e89ffc3f0c7e2c94d5a1f866629d"
  dependencies:
    lodash "~2.4.1"

eyes@0.1.x:
  version "0.1.8"
  resolved "https://registry.yarnpkg.com/eyes/-/eyes-0.1.8.tgz#62cf120234c683785d902348a800ef3e0cc20bc0"

gate-executor@1.1.1:
  version "1.1.1"
  resolved "https://registry.yarnpkg.com/gate-executor/-/gate-executor-1.1.1.tgz#667f677284a0dbe86b6c48a0b4afe8c484812caf"

geojson-utils@^1.1.0:
  version "1.1.0"
  resolved "https://registry.yarnpkg.com/geojson-utils/-/geojson-utils-1.1.0.tgz#e8ffb4c81c0a75b3e306f5187265d6f23040f50b"

gex@0.2.2:
  version "0.2.2"
  resolved "https://registry.yarnpkg.com/gex/-/gex-0.2.2.tgz#2d409d2430959708da55cf56294c64f6d8973487"
  dependencies:
    lodash "3.10.0"

hoek@4.x.x:
  version "4.2.0"
  resolved "https://registry.yarnpkg.com/hoek/-/hoek-4.2.0.tgz#72d9d0754f7fe25ca2d01ad8f8f9a9449a89526d"

inherits@~2.0.1:
  version "2.0.3"
  resolved "https://registry.yarnpkg.com/inherits/-/inherits-2.0.3.tgz#633c2c83e3da42a502f52466022480f4208261de"

isarray@0.0.1:
  version "0.0.1"
  resolved "https://registry.yarnpkg.com/isarray/-/isarray-0.0.1.tgz#8a18acfca9a8f4177e09abfc6038939b05d1eedf"

isstream@0.1.x:
  version "0.1.2"
  resolved "https://registry.yarnpkg.com/isstream/-/isstream-0.1.2.tgz#47e63f7af55afa6f92e1500e690eb8b8529c099a"

json-stringify-safe@5.0.1:
  version "5.0.1"
  resolved "https://registry.yarnpkg.com/json-stringify-safe/-/json-stringify-safe-5.0.1.tgz#1296a2d58fd45f19a0f6ce01d65701e2c735b6eb"

jsonic@0.2.2:
  version "0.2.2"
  resolved "https://registry.yarnpkg.com/jsonic/-/jsonic-0.2.2.tgz#127bb99df4d821652c48a23d025cf2b16e618491"

jsonic@0.3.0:
  version "0.3.0"
  resolved "https://registry.yarnpkg.com/jsonic/-/jsonic-0.3.0.tgz#b545da95f54392e58b3dda05f5f2e377a6c9d1bf"

lodash@3.10.0:
  version "3.10.0"
  resolved "https://registry.yarnpkg.com/lodash/-/lodash-3.10.0.tgz#93d51c672828a4416a12af57220ba8a8737e2fbb"

lodash@4.15, lodash@4.15.0:
  version "4.15.0"
  resolved "https://registry.yarnpkg.com/lodash/-/lodash-4.15.0.tgz#3162391d8f0140aa22cf8f6b3c34d6b7f63d3aa9"

lodash@4.17.4:
  version "4.17.4"
  resolved "https://registry.yarnpkg.com/lodash/-/lodash-4.17.4.tgz#78203a4d1c328ae1d86dca6460e369b57f4055ae"

lodash@~2.4.1:
  version "2.4.2"
  resolved "https://registry.yarnpkg.com/lodash/-/lodash-2.4.2.tgz#fadd834b9683073da179b3eae6d9c0d15053f73e"

lru-cache@4.0.1:
  version "4.0.1"
  resolved "https://registry.yarnpkg.com/lru-cache/-/lru-cache-4.0.1.tgz#1343955edaf2e37d9b9e7ee7241e27c4b9fb72be"
  dependencies:
    pseudomap "^1.0.1"
    yallist "^2.0.0"

minimist@1.2.0, minimist@^1.2.0:
  version "1.2.0"
  resolved "https://registry.yarnpkg.com/minimist/-/minimist-1.2.0.tgz#a35008b20f41383eec1fb914f4cd5df79a264284"

"module-logger@git+ssh://git@gitlab.qualitance.com:ldiw/module-logger.git#develop":
  version "1.0.0"
  resolved "git+ssh://git@gitlab.qualitance.com:ldiw/module-logger.git#a4be18134112d41494a37ede6202d58351ed0562"
  dependencies:
    winston "^2.3.1"

"module-lucius@git+ssh://git@gitlab.qualitance.com:ldiw/module-lucius.git#develop":
  version "1.0.0"
  resolved "git+ssh://git@gitlab.qualitance.com:ldiw/module-lucius.git#56227e114caf5632ae87e78295aa77a601c865c6"
  dependencies:
    bluebird "^3.5.0"
    module-logger "git+ssh://git@gitlab.qualitance.com:ldiw/module-logger.git#develop"

"module-service-factory@git+ssh://git@gitlab.qualitance.com:ldiw/module-service-factory.git#develop":
  version "1.0.0"
  resolved "git+ssh://git@gitlab.qualitance.com:ldiw/module-service-factory.git#f6ca69d198e6f9ca41cf7a3c1c9cea6089c42f9e"
  dependencies:
    module-logger "git+ssh://git@gitlab.qualitance.com:ldiw/module-logger.git#develop"
    seneca "^3.4.1"

"module-util@git+ssh://git@gitlab.qualitance.com:ldiw/module-util.git#develop":
  version "1.0.0"
  resolved "git+ssh://git@gitlab.qualitance.com:ldiw/module-util.git#bbbc9f812557b772111a0873659ec7b409953458"
  dependencies:
    moment "^2.18.1"
    uuid "^3.1.0"

moment@^2.18.1:
  version "2.18.1"
  resolved "https://registry.yarnpkg.com/moment/-/moment-2.18.1.tgz#c36193dd3ce1c2eed2adb7c802dbbc77a81b1c0f"

ndjson@1.4.3:
  version "1.4.3"
  resolved "https://registry.yarnpkg.com/ndjson/-/ndjson-1.4.3.tgz#7aa026fe3ab38a7da1a2b4ad07b1008e733eb239"
  dependencies:
    minimist "^1.2.0"
    split2 "^0.2.1"
    through2 "^0.6.1"

nid@0.3, nid@0.3.2:
  version "0.3.2"
  resolved "https://registry.yarnpkg.com/nid/-/nid-0.3.2.tgz#977a9318ed5c2a38edd66263f3eafd8143f2251a"

norma@0.3, norma@0.3.0:
  version "0.3.0"
  resolved "https://registry.yarnpkg.com/norma/-/norma-0.3.0.tgz#27265c3411018c32c93ee719f692cf90dec5ab64"
  dependencies:
    eraro "~0.4.1"
    lodash "~2.4.1"

ordu@0.1.1:
  version "0.1.1"
  resolved "https://registry.yarnpkg.com/ordu/-/ordu-0.1.1.tgz#9c8109493693caf08299fca84c596aeb860baeaa"

patrun@0.5.0:
  version "0.5.0"
  resolved "https://registry.yarnpkg.com/patrun/-/patrun-0.5.0.tgz#77a51f773ac4931bb353fd41d59de6478fc6118d"
  dependencies:
    gex "0.2.2"
    lodash "3.10.0"

patrun@0.5.1:
  version "0.5.1"
  resolved "https://registry.yarnpkg.com/patrun/-/patrun-0.5.1.tgz#5bff3757f4f3fd2bdfb6a04d27942cbec3e12f1c"
  dependencies:
    gex "0.2.2"
    lodash "4.15.0"

precond@0.2:
  version "0.2.3"
  resolved "https://registry.yarnpkg.com/precond/-/precond-0.2.3.tgz#aa9591bcaa24923f1e0f4849d240f47efc1075ac"

pseudomap@^1.0.1:
  version "1.0.2"
  resolved "https://registry.yarnpkg.com/pseudomap/-/pseudomap-1.0.2.tgz#f052a28da70e618917ef0a8ac34c1ae5a68286b3"

qs@6.2.1:
  version "6.2.1"
  resolved "https://registry.yarnpkg.com/qs/-/qs-6.2.1.tgz#ce03c5ff0935bc1d9d69a9f14cbd18e568d67625"

qs@6.4.0:
  version "6.4.0"
  resolved "https://registry.yarnpkg.com/qs/-/qs-6.4.0.tgz#13e26d28ad6b0ffaa91312cd3bf708ed351e7233"

"readable-stream@>=1.0.33-1 <1.1.0-0":
  version "1.0.34"
  resolved "https://registry.yarnpkg.com/readable-stream/-/readable-stream-1.0.34.tgz#125820e34bc842d2f2aaafafe4c2916ee32c157c"
  dependencies:
    core-util-is "~1.0.0"
    inherits "~2.0.1"
    isarray "0.0.1"
    string_decoder "~0.10.x"

reconnect-core@1.3.0:
  version "1.3.0"
  resolved "https://registry.yarnpkg.com/reconnect-core/-/reconnect-core-1.3.0.tgz#fbae52919a7877d844e3246d01a2f26701c833c8"
  dependencies:
    backoff "~2.5.0"

rolling-stats@0.1.1:
  version "0.1.1"
  resolved "https://registry.yarnpkg.com/rolling-stats/-/rolling-stats-0.1.1.tgz#cd5af774a8893b30a674832fa2f4abaa478cfc80"

semver@5.3.0:
  version "5.3.0"
  resolved "https://registry.yarnpkg.com/semver/-/semver-5.3.0.tgz#9b2ce5d3de02d17c6012ad326aa6b4d0cf54f94f"

seneca-log-filter@0.1.0:
  version "0.1.0"
  resolved "https://registry.yarnpkg.com/seneca-log-filter/-/seneca-log-filter-0.1.0.tgz#f513de77dfdcc120023f847a7c60ceed0afc66b3"
  dependencies:
    lodash "4.15.0"

seneca-transport@2.1.1:
  version "2.1.1"
  resolved "https://registry.yarnpkg.com/seneca-transport/-/seneca-transport-2.1.1.tgz#ff8d1a0335bfe037ca7ceddf27828bdd55292a22"
  dependencies:
    eraro "0.4.1"
    gex "0.2.2"
    jsonic "0.2.2"
    lodash "4.15.0"
    lru-cache "4.0.1"
    ndjson "1.4.3"
    nid "0.3.2"
    patrun "0.5.0"
    qs "6.2.1"
    reconnect-core "1.3.0"
    wreck "9.0.0"

seneca@^3.4.1:
  version "3.4.2"
  resolved "https://registry.yarnpkg.com/seneca/-/seneca-3.4.2.tgz#340c3a190005d305ff619f31f6e223c0d49cfe6f"
  dependencies:
    archy "1.0.0"
    eraro "0.4.1"
    gate-executor "1.1.1"
    gex "0.2.2"
    json-stringify-safe "5.0.1"
    jsonic "0.3.0"
    lodash "4.17.4"
    minimist "1.2.0"
    nid "0.3.2"
    norma "0.3.0"
    ordu "0.1.1"
    patrun "0.5.1"
    qs "6.4.0"
    rolling-stats "0.1.1"
    semver "5.3.0"
    seneca-log-filter "0.1.0"
    seneca-transport "2.1.1"
    use-plugin "0.3.2"
    wreck "12.2.0"

split2@^0.2.1:
  version "0.2.1"
  resolved "https://registry.yarnpkg.com/split2/-/split2-0.2.1.tgz#02ddac9adc03ec0bb78c1282ec079ca6e85ae900"
  dependencies:
    through2 "~0.6.1"

stack-trace@0.0.x:
  version "0.0.10"
  resolved "https://registry.yarnpkg.com/stack-trace/-/stack-trace-0.0.10.tgz#547c70b347e8d32b4e108ea1a2a159e5fdde19c0"

string_decoder@~0.10.x:
  version "0.10.31"
  resolved "https://registry.yarnpkg.com/string_decoder/-/string_decoder-0.10.31.tgz#62e203bc41766c6c28c9fc84301dab1c5310fa94"

through2@^0.6.1, through2@~0.6.1:
  version "0.6.5"
  resolved "https://registry.yarnpkg.com/through2/-/through2-0.6.5.tgz#41ab9c67b29d57209071410e1d7a7a968cd3ad48"
  dependencies:
    readable-stream ">=1.0.33-1 <1.1.0-0"
    xtend ">=4.0.0 <4.1.0-0"

use-plugin@0.3.2:
  version "0.3.2"
  resolved "https://registry.yarnpkg.com/use-plugin/-/use-plugin-0.3.2.tgz#01f8b872f24ccdea4fd7958f057f4d55bf1fdff4"
  dependencies:
    eraro "0.4"
    lodash "4.15"
    nid "0.3"
    norma "0.3"

uuid@^3.1.0:
  version "3.1.0"
  resolved "https://registry.yarnpkg.com/uuid/-/uuid-3.1.0.tgz#3dd3d3e790abc24d7b0d3a034ffababe28ebbc04"

winston@^2.3.1:
  version "2.3.1"
  resolved "https://registry.yarnpkg.com/winston/-/winston-2.3.1.tgz#0b48420d978c01804cf0230b648861598225a119"
  dependencies:
    async "~1.0.0"
    colors "1.0.x"
    cycle "1.0.x"
    eyes "0.1.x"
    isstream "0.1.x"
    stack-trace "0.0.x"

wreck@12.2.0:
  version "12.2.0"
  resolved "https://registry.yarnpkg.com/wreck/-/wreck-12.2.0.tgz#a1c3371e2152bf6d3600ff581b669c68a4d3d8b8"
  dependencies:
    boom "4.x.x"
    hoek "4.x.x"

wreck@9.0.0:
  version "9.0.0"
  resolved "https://registry.yarnpkg.com/wreck/-/wreck-9.0.0.tgz#1de63d49bb07b94fe718864b8be63176e63331ec"
  dependencies:
    boom "3.x.x"
    hoek "4.x.x"

"xtend@>=4.0.0 <4.1.0-0":
  version "4.0.1"
  resolved "https://registry.yarnpkg.com/xtend/-/xtend-4.0.1.tgz#a5c6d532be656e23db820efb943a1f04998d63af"

yallist@^2.0.0:
  version "2.1.2"
  resolved "https://registry.yarnpkg.com/yallist/-/yallist-2.1.2.tgz#1c11f9218f076089a47dd512f93c6699a6a81d52"
