{
  "requires": true,
  "lockfileVersion": 1,
  "dependencies": {
    "react-native-image-crop-picker": {
      "version": "0.19.3",
      "resolved": "https://registry.npmjs.org/react-native-image-crop-picker/-/react-native-image-crop-picker-0.19.3.tgz",
      "integrity": "sha512-FIlwA1gbgUj5GHBW/u78bLb7AXFqJlVVA0S4gBBs05pho8TDJs5KLEscefy6ZpbvY2Kb/HcBRMBO3+2JjTsgdQ=="
    }
  }
}
